// !$*UTF8*$!
{
	archiveVersion = 1;
	classes = {
	};
	objectVersion = 50;
	objects = {

/* Begin PBXBuildFile section */
		160BD3CB266DB64F001CE590 /* helper.swift in Sources */ = {isa = PBXBuildFile; fileRef = 160BD3CA266DB64F001CE590 /* helper.swift */; };
		16E1126626686FFB005DC8E5 /* AppDelegate.swift in Sources */ = {isa = PBXBuildFile; fileRef = 16E1126526686FFB005DC8E5 /* AppDelegate.swift */; };
		16E1126826686FFB005DC8E5 /* GameScene.sks in Resources */ = {isa = PBXBuildFile; fileRef = 16E1126726686FFB005DC8E5 /* GameScene.sks */; };
		16E1126C26686FFB005DC8E5 /* GameScene.swift in Sources */ = {isa = PBXBuildFile; fileRef = 16E1126B26686FFB005DC8E5 /* GameScene.swift */; };
		16E1126E26686FFB005DC8E5 /* GameViewController.swift in Sources */ = {isa = PBXBuildFile; fileRef = 16E1126D26686FFB005DC8E5 /* GameViewController.swift */; };
		16E1127126686FFB005DC8E5 /* Main.storyboard in Resources */ = {isa = PBXBuildFile; fileRef = 16E1126F26686FFB005DC8E5 /* Main.storyboard */; };
		16E1127326686FFD005DC8E5 /* Assets.xcassets in Resources */ = {isa = PBXBuildFile; fileRef = 16E1127226686FFD005DC8E5 /* Assets.xcassets */; };
		16E1127626686FFD005DC8E5 /* LaunchScreen.storyboard in Resources */ = {isa = PBXBuildFile; fileRef = 16E1127426686FFD005DC8E5 /* LaunchScreen.storyboard */; };
/* End PBXBuildFile section */

/* Begin PBXFileReference section */
		160BD3CA266DB64F001CE590 /* helper.swift */ = {isa = PBXFileReference; lastKnownFileType = sourcecode.swift; path = helper.swift; sourceTree = "<group>"; };
		16E1126226686FFB005DC8E5 /* HighwayRacers V2.app */ = {isa = PBXFileReference; explicitFileType = wrapper.application; includeInIndex = 0; path = "HighwayRacers V2.app"; sourceTree = BUILT_PRODUCTS_DIR; };
		16E1126526686FFB005DC8E5 /* AppDelegate.swift */ = {isa = PBXFileReference; lastKnownFileType = sourcecode.swift; path = AppDelegate.swift; sourceTree = "<group>"; };
		16E1126726686FFB005DC8E5 /* GameScene.sks */ = {isa = PBXFileReference; lastKnownFileType = file.sks; path = GameScene.sks; sourceTree = "<group>"; };
		16E1126B26686FFB005DC8E5 /* GameScene.swift */ = {isa = PBXFileReference; lastKnownFileType = sourcecode.swift; path = GameScene.swift; sourceTree = "<group>"; };
		16E1126D26686FFB005DC8E5 /* GameViewController.swift */ = {isa = PBXFileReference; lastKnownFileType = sourcecode.swift; path = GameViewController.swift; sourceTree = "<group>"; };
		16E1127026686FFB005DC8E5 /* Base */ = {isa = PBXFileReference; lastKnownFileType = file.storyboard; name = Base; path = Base.lproj/Main.storyboard; sourceTree = "<group>"; };
		16E1127226686FFD005DC8E5 /* Assets.xcassets */ = {isa = PBXFileReference; lastKnownFileType = folder.assetcatalog; path = Assets.xcassets; sourceTree = "<group>"; };
		16E1127526686FFD005DC8E5 /* Base */ = {isa = PBXFileReference; lastKnownFileType = file.storyboard; name = Base; path = Base.lproj/LaunchScreen.storyboard; sourceTree = "<group>"; };
		16E1127726686FFD005DC8E5 /* Info.plist */ = {isa = PBXFileReference; lastKnownFileType = text.plist.xml; path = Info.plist; sourceTree = "<group>"; };
/* End PBXFileReference section */

/* Begin PBXFrameworksBuildPhase section */
		16E1125F26686FFB005DC8E5 /* Frameworks */ = {
			isa = PBXFrameworksBuildPhase;
			buildActionMask = 2147483647;
			files = (
			);
			runOnlyForDeploymentPostprocessing = 0;
		};
/* End PBXFrameworksBuildPhase section */

/* Begin PBXGroup section */
		16E1125926686FFB005DC8E5 = {
			isa = PBXGroup;
			children = (
				16E1126426686FFB005DC8E5 /* HighwayRacers V2 */,
				16E1126326686FFB005DC8E5 /* Products */,
			);
			sourceTree = "<group>";
		};
		16E1126326686FFB005DC8E5 /* Products */ = {
			isa = PBXGroup;
			children = (
				16E1126226686FFB005DC8E5 /* HighwayRacers V2.app */,
			);
			name = Products;
			sourceTree = "<group>";
		};
		16E1126426686FFB005DC8E5 /* HighwayRacers V2 */ = {
			isa = PBXGroup;
			children = (
				16E1126526686FFB005DC8E5 /* AppDelegate.swift */,
				16E1126726686FFB005DC8E5 /* GameScene.sks */,
				16E1126B26686FFB005DC8E5 /* GameScene.swift */,
				160BD3CA266DB64F001CE590 /* helper.swift */,
				16E1126D26686FFB005DC8E5 /* GameViewController.swift */,
				16E1126F26686FFB005DC8E5 /* Main.storyboard */,
				16E1127226686FFD005DC8E5 /* Assets.xcassets */,
				16E1127426686FFD005DC8E5 /* LaunchScreen.storyboard */,
				16E1127726686FFD005DC8E5 /* Info.plist */,
			);
			path = "HighwayRacers V2";
			sourceTree = "<group>";
		};
/* End PBXGroup section */

/* Begin PBXNativeTarget section */
		16E1126126686FFB005DC8E5 /* HighwayRacers V2 */ = {
			isa = PBXNativeTarget;
			buildConfigurationList = 16E1127A26686FFD005DC8E5 /* Build configuration list for PBXNativeTarget "HighwayRacers V2" */;
			buildPhases = (
				16E1125E26686FFB005DC8E5 /* Sources */,
				16E1125F26686FFB005DC8E5 /* Frameworks */,
				16E1126026686FFB005DC8E5 /* Resources */,
			);
			buildRules = (
			);
			dependencies = (
			);
			name = "HighwayRacers V2";
			productName = "HighwayRacers V2";
			productReference = 16E1126226686FFB005DC8E5 /* HighwayRacers V2.app */;
			productType = "com.apple.product-type.application";
		};
/* End PBXNativeTarget section */

/* Begin PBXProject section */
		16E1125A26686FFB005DC8E5 /* Project object */ = {
			isa = PBXProject;
			attributes = {
				LastSwiftUpdateCheck = 1030;
				LastUpgradeCheck = 1030;
				ORGANIZATIONNAME = "Matthew Twigg";
				TargetAttributes = {
					16E1126126686FFB005DC8E5 = {
						CreatedOnToolsVersion = 10.3;
					};
				};
			};
			buildConfigurationList = 16E1125D26686FFB005DC8E5 /* Build configuration list for PBXProject "HighwayRacers V2" */;
			compatibilityVersion = "Xcode 9.3";
			developmentRegion = en;
			hasScannedForEncodings = 0;
			knownRegions = (
				en,
				Base,
			);
			mainGroup = 16E1125926686FFB005DC8E5;
			productRefGroup = 16E1126326686FFB005DC8E5 /* Products */;
			projectDirPath = "";
			projectRoot = "";
			targets = (
				16E1126126686FFB005DC8E5 /* HighwayRacers V2 */,
			);
		};
/* End PBXProject section */

/* Begin PBXResourcesBuildPhase section */
		16E1126026686FFB005DC8E5 /* Resources */ = {
			isa = PBXResourcesBuildPhase;
			buildActionMask = 2147483647;
			files = (
				16E1127126686FFB005DC8E5 /* Main.storyboard in Resources */,
				16E1126826686FFB005DC8E5 /* GameScene.sks in Resources */,
				16E1127326686FFD005DC8E5 /* Assets.xcassets in Resources */,
				16E1127626686FFD005DC8E5 /* LaunchScreen.storyboard in Resources */,
			);
			runOnlyForDeploymentPostprocessing = 0;
		};
/* End PBXResourcesBuildPhase section */

/* Begin PBXSourcesBuildPhase section */
		16E1125E26686FFB005DC8E5 /* Sources */ = {
			isa = PBXSourcesBuildPhase;
			buildActionMask = 2147483647;
			files = (
				16E1126C26686FFB005DC8E5 /* GameScene.swift in Sources */,
				16E1126E26686FFB005DC8E5 /* GameViewController.swift in Sources */,
				16E1126626686FFB005DC8E5 /* AppDelegate.swift in Sources */,
				160BD3CB266DB64F001CE590 /* helper.swift in Sources */,
			);
			runOnlyForDeploymentPostprocessing = 0;
		};
/* End PBXSourcesBuildPhase section */

/* Begin PBXVariantGroup section */
		16E1126F26686FFB005DC8E5 /* Main.storyboard */ = {
			isa = PBXVariantGroup;
			children = (
				16E1127026686FFB005DC8E5 /* Base */,
			);
			name = Main.storyboard;
			sourceTree = "<group>";
		};
		16E1127426686FFD005DC8E5 /* LaunchScreen.storyboard */ = {
			isa = PBXVariantGroup;
			children = (
				16E1127526686FFD005DC8E5 /* Base */,
			);
			name = LaunchScreen.storyboard;
			sourceTree = "<group>";
		};
/* End PBXVariantGroup section */

/* Begin XCBuildConfiguration section */
		16E1127826686FFD005DC8E5 /* Debug */ = {
			isa = XCBuildConfiguration;
			buildSettings = {
				ALWAYS_SEARCH_USER_PATHS = NO;
				CLANG_ANALYZER_NONNULL = YES;
				CLANG_ANALYZER_NUMBER_OBJECT_CONVERSION = YES_AGGRESSIVE;
				CLANG_CXX_LANGUAGE_STANDARD = "gnu++14";
				CLANG_CXX_LIBRARY = "libc++";
				CLANG_ENABLE_MODULES = YES;
				CLANG_ENABLE_OBJC_ARC = YES;
				CLANG_ENABLE_OBJC_WEAK = YES;
				CLANG_WARN_BLOCK_CAPTURE_AUTORELEASING = YES;
				CLANG_WARN_BOOL_CONVERSION = YES;
				CLANG_WARN_COMMA = YES;
				CLANG_WARN_CONSTANT_CONVERSION = YES;
				CLANG_WARN_DEPRECATED_OBJC_IMPLEMENTATIONS = YES;
				CLANG_WARN_DIRECT_OBJC_ISA_USAGE = YES_ERROR;
				CLANG_WARN_DOCUMENTATION_COMMENTS = YES;
				CLANG_WARN_EMPTY_BODY = YES;
				CLANG_WARN_ENUM_CONVERSION = YES;
				CLANG_WARN_INFINITE_RECURSION = YES;
				CLANG_WARN_INT_CONVERSION = YES;
				CLANG_WARN_NON_LITERAL_NULL_CONVERSION = YES;
				CLANG_WARN_OBJC_IMPLICIT_RETAIN_SELF = YES;
				CLANG_WARN_OBJC_LITERAL_CONVERSION = YES;
				CLANG_WARN_OBJC_ROOT_CLASS = YES_ERROR;
				CLANG_WARN_RANGE_LOOP_ANALYSIS = YES;
				CLANG_WARN_STRICT_PROTOTYPES = YES;
				CLANG_WARN_SUSPICIOUS_MOVE = YES;
				CLANG_WARN_UNGUARDED_AVAILABILITY = YES_AGGRESSIVE;
				CLANG_WARN_UNREACHABLE_CODE = YES;
				CLANG_WARN__DUPLICATE_METHOD_MATCH = YES;
				CODE_SIGN_IDENTITY = "iPhone Developer";
				COPY_PHASE_STRIP = NO;
				DEBUG_INFORMATION_FORMAT = dwarf;
				ENABLE_STRICT_OBJC_MSGSEND = YES;
				ENABLE_TESTABILITY = YES;
				GCC_C_LANGUAGE_STANDARD = gnu11;
				GCC_DYNAMIC_NO_PIC = NO;
				GCC_NO_COMMON_BLOCKS = YES;
				GCC_OPTIMIZATION_LEVEL = 0;
				GCC_PREPROCESSOR_DEFINITIONS = (
					"DEBUG=1",
					"$(inherited)",
				);
				GCC_WARN_64_TO_32_BIT_CONVERSION = YES;
				GCC_WARN_ABOUT_RETURN_TYPE = YES_ERROR;
				GCC_WARN_UNDECLARED_SELECTOR = YES;
				GCC_WARN_UNINITIALIZED_AUTOS = YES_AGGRESSIVE;
				GCC_WARN_UNUSED_FUNCTION = YES;
				GCC_WARN_UNUSED_VARIABLE = YES;
				IPHONEOS_DEPLOYMENT_TARGET = 12.4;
				MTL_ENABLE_DEBUG_INFO = INCLUDE_SOURCE;
				MTL_FAST_MATH = YES;
				ONLY_ACTIVE_ARCH = YES;
				SDKROOT = iphoneos;
				SWIFT_ACTIVE_COMPILATION_CONDITIONS = DEBUG;
				SWIFT_OPTIMIZATION_LEVEL = "-Onone";
			};
			name = Debug;
		};
		16E1127926686FFD005DC8E5 /* Release */ = {
			isa = XCBuildConfiguration;
			buildSettings = {
				ALWAYS_SEARCH_USER_PATHS = NO;
				CLANG_ANALYZER_NONNULL = YES;
				CLANG_ANALYZER_NUMBER_OBJECT_CONVERSION = YES_AGGRESSIVE;
				CLANG_CXX_LANGUAGE_STANDARD = "gnu++14";
				CLANG_CXX_LIBRARY = "libc++";
				CLANG_ENABLE_MODULES = YES;
				CLANG_ENABLE_OBJC_ARC = YES;
				CLANG_ENABLE_OBJC_WEAK = YES;
				CLANG_WARN_BLOCK_CAPTURE_AUTORELEASING = YES;
				CLANG_WARN_BOOL_CONVERSION = YES;
				CLANG_WARN_COMMA = YES;
				CLANG_WARN_CONSTANT_CONVERSION = YES;
				CLANG_WARN_DEPRECATED_OBJC_IMPLEMENTATIONS = YES;
				CLANG_WARN_DIRECT_OBJC_ISA_USAGE = YES_ERROR;
				CLANG_WARN_DOCUMENTATION_COMMENTS = YES;
				CLANG_WARN_EMPTY_BODY = YES;
				CLANG_WARN_ENUM_CONVERSION = YES;
				CLANG_WARN_INFINITE_RECURSION = YES;
				CLANG_WARN_INT_CONVERSION = YES;
				CLANG_WARN_NON_LITERAL_NULL_CONVERSION = YES;
				CLANG_WARN_OBJC_IMPLICIT_RETAIN_SELF = YES;
				CLANG_WARN_OBJC_LITERAL_CONVERSION = YES;
				CLANG_WARN_OBJC_ROOT_CLASS = YES_ERROR;
				CLANG_WARN_RANGE_LOOP_ANALYSIS = YES;
				CLANG_WARN_STRICT_PROTOTYPES = YES;
				CLANG_WARN_SUSPICIOUS_MOVE = YES;
				CLANG_WARN_UNGUARDED_AVAILABILITY = YES_AGGRESSIVE;
				CLANG_WARN_UNREACHABLE_CODE = YES;
				CLANG_WARN__DUPLICATE_METHOD_MATCH = YES;
				CODE_SIGN_IDENTITY = "iPhone Developer";
				COPY_PHASE_STRIP = NO;
				DEBUG_INFORMATION_FORMAT = "dwarf-with-dsym";
				ENABLE_NS_ASSERTIONS = NO;
				ENABLE_STRICT_OBJC_MSGSEND = YES;
				GCC_C_LANGUAGE_STANDARD = gnu11;
				GCC_NO_COMMON_BLOCKS = YES;
				GCC_WARN_64_TO_32_BIT_CONVERSION = YES;
				GCC_WARN_ABOUT_RETURN_TYPE = YES_ERROR;
				GCC_WARN_UNDECLARED_SELECTOR = YES;
				GCC_WARN_UNINITIALIZED_AUTOS = YES_AGGRESSIVE;
				GCC_WARN_UNUSED_FUNCTION = YES;
				GCC_WARN_UNUSED_VARIABLE = YES;
				IPHONEOS_DEPLOYMENT_TARGET = 12.4;
				MTL_ENABLE_DEBUG_INFO = NO;
				MTL_FAST_MATH = YES;
				SDKROOT = iphoneos;
				SWIFT_COMPILATION_MODE = wholemodule;
				SWIFT_OPTIMIZATION_LEVEL = "-O";
				VALIDATE_PRODUCT = YES;
			};
			name = Release;
		};
		16E1127B26686FFD005DC8E5 /* Debug */ = {
			isa = XCBuildConfiguration;
			buildSettings = {
				ASSETCATALOG_COMPILER_APPICON_NAME = AppIcon;
				CODE_SIGN_STYLE = Automatic;
				INFOPLIST_FILE = "HighwayRacers V2/Info.plist";
				LD_RUNPATH_SEARCH_PATHS = (
					"$(inherited)",
					"@executable_path/Frameworks",
				);
				PRODUCT_BUNDLE_IDENTIFIER = "MattDev.HighwayRacers-V2";
				PRODUCT_NAME = "$(TARGET_NAME)";
				SWIFT_VERSION = 5.0;
				TARGETED_DEVICE_FAMILY = "1,2";
			};
			name = Debug;
		};
		16E1127C26686FFD005DC8E5 /* Release */ = {
			isa = XCBuildConfiguration;
			buildSettings = {
				ASSETCATALOG_COMPILER_APPICON_NAME = AppIcon;
				CODE_SIGN_STYLE = Automatic;
				INFOPLIST_FILE = "HighwayRacers V2/Info.plist";
				LD_RUNPATH_SEARCH_PATHS = (
					"$(inherited)",
					"@executable_path/Frameworks",
				);
				PRODUCT_BUNDLE_IDENTIFIER = "MattDev.HighwayRacers-V2";
				PRODUCT_NAME = "$(TARGET_NAME)";
				SWIFT_VERSION = 5.0;
				TARGETED_DEVICE_FAMILY = "1,2";
			};
			name = Release;
		};
/* End XCBuildConfiguration section */

/* Begin XCConfigurationList section */
		16E1125D26686FFB005DC8E5 /* Build configuration list for PBXProject "HighwayRacers V2" */ = {
			isa = XCConfigurationList;
			buildConfigurations = (
				16E1127826686FFD005DC8E5 /* Debug */,
				16E1127926686FFD005DC8E5 /* Release */,
			);
			defaultConfigurationIsVisible = 0;
			defaultConfigurationName = Release;
		};
		16E1127A26686FFD005DC8E5 /* Build configuration list for PBXNativeTarget "HighwayRacers V2" */ = {
			isa = XCConfigurationList;
			buildConfigurations = (
				16E1127B26686FFD005DC8E5 /* Debug */,
				16E1127C26686FFD005DC8E5 /* Release */,
			);
			defaultConfigurationIsVisible = 0;
			defaultConfigurationName = Release;
		};
/* End XCConfigurationList section */
	};
	rootObject = 16E1125A26686FFB005DC8E5 /* Project object */;
}
